Microsoft Visual Studio Solution File, Format Version 12.00
# Visual Studio Version 17
VisualStudioVersion = 17.5.2.0
MinimumVisualStudioVersion = 10.0.40219.1
Project("{FAE04EC0-301F-11D3-BF4B-00C04F79EFBC}") = "Blackout", "Blackout\Blackout.csproj", "{7D85ED85-26B7-3CF3-5BB8-E789CD84DFFC}"
EndProject
Global
	GlobalSection(SolutionConfigurationPlatforms) = preSolution
		Debug|Any CPU = Debug|Any CPU
		Release|Any CPU = Release|Any CPU
	EndGlobalSection
	GlobalSection(ProjectConfigurationPlatforms) = postSolution
		{7D85ED85-26B7-3CF3-5BB8-E789CD84DFFC}.Debug|Any CPU.ActiveCfg = Debug|Any CPU
		{7D85ED85-26B7-3CF3-5BB8-E789CD84DFFC}.Debug|Any CPU.Build.0 = Debug|Any CPU
		{7D85ED85-26B7-3CF3-5BB8-E789CD84DFFC}.Release|Any CPU.ActiveCfg = Release|Any CPU
		{7D85ED85-26B7-3CF3-5BB8-E789CD84DFFC}.Release|Any CPU.Build.0 = Release|Any CPU
	EndGlobalSection
	GlobalSection(SolutionProperties) = preSolution
		HideSolutionNode = FALSE
	EndGlobalSection
	GlobalSection(ExtensibilityGlobals) = postSolution
		SolutionGuid = {5B0741C3-3627-401A-81FF-A4707D0667C0}
	EndGlobalSection
EndGlobal
